
Microsoft Visual Studio Solution File, Format Version 12.00
# Visual Studio Version 16
VisualStudioVersion = 16.0.28922.388
MinimumVisualStudioVersion = 10.0.40219.1
Project("{FAE04EC0-301F-11D3-BF4B-00C04F79EFBC}") = "MotoSimulador", "MotoSimulador\MotoSimulador.csproj", "{A6FAE251-8A2B-4787-BC10-42A5AABC2832}"
EndProject
Global
	GlobalSection(SolutionConfigurationPlatforms) = preSolution
		Debug|Any CPU = Debug|Any CPU
		Release|Any CPU = Release|Any CPU
	EndGlobalSection
	GlobalSection(ProjectConfigurationPlatforms) = postSolution
		{A6FAE251-8A2B-4787-BC10-42A5AABC2832}.Debug|Any CPU.ActiveCfg = Debug|Any CPU
		{A6FAE251-8A2B-4787-BC10-42A5AABC2832}.Debug|Any CPU.Build.0 = Debug|Any CPU
		{A6FAE251-8A2B-4787-BC10-42A5AABC2832}.Release|Any CPU.ActiveCfg = Release|Any CPU
		{A6FAE251-8A2B-4787-BC10-42A5AABC2832}.Release|Any CPU.Build.0 = Release|Any CPU
	EndGlobalSection
	GlobalSection(SolutionProperties) = preSolution
		HideSolutionNode = FALSE
	EndGlobalSection
	GlobalSection(ExtensibilityGlobals) = postSolution
		SolutionGuid = {D6AB8E46-1406-4A18-BF57-07B3F08FB3F6}
	EndGlobalSection
EndGlobal
